
Microsoft Visual Studio Solution File, Format Version 12.00
# Visual Studio Version 17
VisualStudioVersion = 17.14.36705.20 d17.14
MinimumVisualStudioVersion = 10.0.40219.1
Project("{FAE04EC0-301F-11D3-BF4B-00C04F79EFBC}") = "FitnessCenter", "FitnessCenter.csproj", "{7F4CFA3A-8705-4D17-8C52-D5EF73DE9405}"
EndProject
Global
	GlobalSection(SolutionConfigurationPlatforms) = preSolution
		Debug|Any CPU = Debug|Any CPU
		Release|Any CPU = Release|Any CPU
	EndGlobalSection
	GlobalSection(ProjectConfigurationPlatforms) = postSolution
		{7F4CFA3A-8705-4D17-8C52-D5EF73DE9405}.Debug|Any CPU.ActiveCfg = Debug|Any CPU
		{7F4CFA3A-8705-4D17-8C52-D5EF73DE9405}.Debug|Any CPU.Build.0 = Debug|Any CPU
		{7F4CFA3A-8705-4D17-8C52-D5EF73DE9405}.Release|Any CPU.ActiveCfg = Release|Any CPU
		{7F4CFA3A-8705-4D17-8C52-D5EF73DE9405}.Release|Any CPU.Build.0 = Release|Any CPU
	EndGlobalSection
	GlobalSection(SolutionProperties) = preSolution
		HideSolutionNode = FALSE
	EndGlobalSection
	GlobalSection(ExtensibilityGlobals) = postSolution
		SolutionGuid = {CB966179-57D8-4BFC-82FD-3D43263FFBC2}
	EndGlobalSection
EndGlobal
